// !$*UTF8*$!
{
	archiveVersion = 1;
	classes = {
	};
	objectVersion = 50;
	objects = {

/* Begin PBXBuildFile section */
		AB1BA85121A3E03900845C77 /* AppDelegate.swift in Sources */ = {isa = PBXBuildFile; fileRef = AB1BA85021A3E03900845C77 /* AppDelegate.swift */; };
		AB1BA85321A3E03900845C77 /* ViewController.swift in Sources */ = {isa = PBXBuildFile; fileRef = AB1BA85221A3E03900845C77 /* ViewController.swift */; };
		AB1BA85621A3E03900845C77 /* Main.storyboard in Resources */ = {isa = PBXBuildFile; fileRef = AB1BA85421A3E03900845C77 /* Main.storyboard */; };
		AB1BA85821A3E03D00845C77 /* Assets.xcassets in Resources */ = {isa = PBXBuildFile; fileRef = AB1BA85721A3E03D00845C77 /* Assets.xcassets */; };
		AB1BA85B21A3E03D00845C77 /* LaunchScreen.storyboard in Resources */ = {isa = PBXBuildFile; fileRef = AB1BA85921A3E03D00845C77 /* LaunchScreen.storyboard */; };
		AB1BA86621A3E03D00845C77 /* PlayLocalVideoTests.swift in Sources */ = {isa = PBXBuildFile; fileRef = AB1BA86521A3E03D00845C77 /* PlayLocalVideoTests.swift */; };
		AB1BA87121A3E03D00845C77 /* PlayLocalVideoUITests.swift in Sources */ = {isa = PBXBuildFile; fileRef = AB1BA87021A3E03D00845C77 /* PlayLocalVideoUITests.swift */; };
/* End PBXBuildFile section */

/* Begin PBXContainerItemProxy section */
		AB1BA86221A3E03D00845C77 /* PBXContainerItemProxy */ = {
			isa = PBXContainerItemProxy;
			containerPortal = AB1BA84521A3E03900845C77 /* Project object */;
			proxyType = 1;
			remoteGlobalIDString = AB1BA84C21A3E03900845C77;
			remoteInfo = PlayLocalVideo;
		};
		AB1BA86D21A3E03D00845C77 /* PBXContainerItemProxy */ = {
			isa = PBXContainerItemProxy;
			containerPortal = AB1BA84521A3E03900845C77 /* Project object */;
			proxyType = 1;
			remoteGlobalIDString = AB1BA84C21A3E03900845C77;
			remoteInfo = PlayLocalVideo;
		};
/* End PBXContainerItemProxy section */

/* Begin PBXFileReference section */
		AB1BA84D21A3E03900845C77 /* PlayLocalVideo.app */ = {isa = PBXFileReference; explicitFileType = wrapper.application; includeInIndex = 0; path = PlayLocalVideo.app; sourceTree = BUILT_PRODUCTS_DIR; };
		AB1BA85021A3E03900845C77 /* AppDelegate.swift */ = {isa = PBXFileReference; lastKnownFileType = sourcecode.swift; path = AppDelegate.swift; sourceTree = "<group>"; };
		AB1BA85221A3E03900845C77 /* ViewController.swift */ = {isa = PBXFileReference; lastKnownFileType = sourcecode.swift; path = ViewController.swift; sourceTree = "<group>"; };
		AB1BA85521A3E03900845C77 /* Base */ = {isa = PBXFileReference; lastKnownFileType = file.storyboard; name = Base; path = Base.lproj/Main.storyboard; sourceTree = "<group>"; };
		AB1BA85721A3E03D00845C77 /* Assets.xcassets */ = {isa = PBXFileReference; lastKnownFileType = folder.assetcatalog; path = Assets.xcassets; sourceTree = "<group>"; };
		AB1BA85A21A3E03D00845C77 /* Base */ = {isa = PBXFileReference; lastKnownFileType = file.storyboard; name = Base; path = Base.lproj/LaunchScreen.storyboard; sourceTree = "<group>"; };
		AB1BA85C21A3E03D00845C77 /* Info.plist */ = {isa = PBXFileReference; lastKnownFileType = text.plist.xml; path = Info.plist; sourceTree = "<group>"; };
		AB1BA86121A3E03D00845C77 /* PlayLocalVideoTests.xctest */ = {isa = PBXFileReference; explicitFileType = wrapper.cfbundle; includeInIndex = 0; path = PlayLocalVideoTests.xctest; sourceTree = BUILT_PRODUCTS_DIR; };
		AB1BA86521A3E03D00845C77 /* PlayLocalVideoTests.swift */ = {isa = PBXFileReference; lastKnownFileType = sourcecode.swift; path = PlayLocalVideoTests.swift; sourceTree = "<group>"; };
		AB1BA86721A3E03D00845C77 /* Info.plist */ = {isa = PBXFileReference; lastKnownFileType = text.plist.xml; path = Info.plist; sourceTree = "<group>"; };
		AB1BA86C21A3E03D00845C77 /* PlayLocalVideoUITests.xctest */ = {isa = PBXFileReference; explicitFileType = wrapper.cfbundle; includeInIndex = 0; path = PlayLocalVideoUITests.xctest; sourceTree = BUILT_PRODUCTS_DIR; };
		AB1BA87021A3E03D00845C77 /* PlayLocalVideoUITests.swift */ = {isa = PBXFileReference; lastKnownFileType = sourcecode.swift; path = PlayLocalVideoUITests.swift; sourceTree = "<group>"; };
		AB1BA87221A3E03D00845C77 /* Info.plist */ = {isa = PBXFileReference; lastKnownFileType = text.plist.xml; path = Info.plist; sourceTree = "<group>"; };
/* End PBXFileReference section */

/* Begin PBXFrameworksBuildPhase section */
		AB1BA84A21A3E03900845C77 /* Frameworks */ = {
			isa = PBXFrameworksBuildPhase;
			buildActionMask = 2147483647;
			files = (
			);
			runOnlyForDeploymentPostprocessing = 0;
		};
		AB1BA85E21A3E03D00845C77 /* Frameworks */ = {
			isa = PBXFrameworksBuildPhase;
			buildActionMask = 2147483647;
			files = (
			);
			runOnlyForDeploymentPostprocessing = 0;
		};
		AB1BA86921A3E03D00845C77 /* Frameworks */ = {
			isa = PBXFrameworksBuildPhase;
			buildActionMask = 2147483647;
			files = (
			);
			runOnlyForDeploymentPostprocessing = 0;
		};
/* End PBXFrameworksBuildPhase section */

/* Begin PBXGroup section */
		AB1BA84421A3E03900845C77 = {
			isa = PBXGroup;
			children = (
				AB1BA84F21A3E03900845C77 /* PlayLocalVideo */,
				AB1BA86421A3E03D00845C77 /* PlayLocalVideoTests */,
				AB1BA86F21A3E03D00845C77 /* PlayLocalVideoUITests */,
				AB1BA84E21A3E03900845C77 /* Products */,
			);
			sourceTree = "<group>";
		};
		AB1BA84E21A3E03900845C77 /* Products */ = {
			isa = PBXGroup;
			children = (
				AB1BA84D21A3E03900845C77 /* PlayLocalVideo.app */,
				AB1BA86121A3E03D00845C77 /* PlayLocalVideoTests.xctest */,
				AB1BA86C21A3E03D00845C77 /* PlayLocalVideoUITests.xctest */,
			);
			name = Products;
			sourceTree = "<group>";
		};
		AB1BA84F21A3E03900845C77 /* PlayLocalVideo */ = {
			isa = PBXGroup;
			children = (
				AB1BA85021A3E03900845C77 /* AppDelegate.swift */,
				AB1BA85221A3E03900845C77 /* ViewController.swift */,
				AB1BA85421A3E03900845C77 /* Main.storyboard */,
				AB1BA85721A3E03D00845C77 /* Assets.xcassets */,
				AB1BA85921A3E03D00845C77 /* LaunchScreen.storyboard */,
				AB1BA85C21A3E03D00845C77 /* Info.plist */,
			);
			path = PlayLocalVideo;
			sourceTree = "<group>";
		};
		AB1BA86421A3E03D00845C77 /* PlayLocalVideoTests */ = {
			isa = PBXGroup;
			children = (
				AB1BA86521A3E03D00845C77 /* PlayLocalVideoTests.swift */,
				AB1BA86721A3E03D00845C77 /* Info.plist */,
			);
			path = PlayLocalVideoTests;
			sourceTree = "<group>";
		};
		AB1BA86F21A3E03D00845C77 /* PlayLocalVideoUITests */ = {
			isa = PBXGroup;
			children = (
				AB1BA87021A3E03D00845C77 /* PlayLocalVideoUITests.swift */,
				AB1BA87221A3E03D00845C77 /* Info.plist */,
			);
			path = PlayLocalVideoUITests;
			sourceTree = "<group>";
		};
/* End PBXGroup section */

/* Begin PBXNativeTarget section */
		AB1BA84C21A3E03900845C77 /* PlayLocalVideo */ = {
			isa = PBXNativeTarget;
			buildConfigurationList = AB1BA87521A3E03D00845C77 /* Build configuration list for PBXNativeTarget "PlayLocalVideo" */;
			buildPhases = (
				AB1BA84921A3E03900845C77 /* Sources */,
				AB1BA84A21A3E03900845C77 /* Frameworks */,
				AB1BA84B21A3E03900845C77 /* Resources */,
			);
			buildRules = (
			);
			dependencies = (
			);
			name = PlayLocalVideo;
			productName = PlayLocalVideo;
			productReference = AB1BA84D21A3E03900845C77 /* PlayLocalVideo.app */;
			productType = "com.apple.product-type.application";
		};
		AB1BA86021A3E03D00845C77 /* PlayLocalVideoTests */ = {
			isa = PBXNativeTarget;
			buildConfigurationList = AB1BA87821A3E03D00845C77 /* Build configuration list for PBXNativeTarget "PlayLocalVideoTests" */;
			buildPhases = (
				AB1BA85D21A3E03D00845C77 /* Sources */,
				AB1BA85E21A3E03D00845C77 /* Frameworks */,
				AB1BA85F21A3E03D00845C77 /* Resources */,
			);
			buildRules = (
			);
			dependencies = (
				AB1BA86321A3E03D00845C77 /* PBXTargetDependency */,
			);
			name = PlayLocalVideoTests;
			productName = PlayLocalVideoTests;
			productReference = AB1BA86121A3E03D00845C77 /* PlayLocalVideoTests.xctest */;
			productType = "com.apple.product-type.bundle.unit-test";
		};
		AB1BA86B21A3E03D00845C77 /* PlayLocalVideoUITests */ = {
			isa = PBXNativeTarget;
			buildConfigurationList = AB1BA87B21A3E03D00845C77 /* Build configuration list for PBXNativeTarget "PlayLocalVideoUITests" */;
			buildPhases = (
				AB1BA86821A3E03D00845C77 /* Sources */,
				AB1BA86921A3E03D00845C77 /* Frameworks */,
				AB1BA86A21A3E03D00845C77 /* Resources */,
			);
			buildRules = (
			);
			dependencies = (
				AB1BA86E21A3E03D00845C77 /* PBXTargetDependency */,
			);
			name = PlayLocalVideoUITests;
			productName = PlayLocalVideoUITests;
			productReference = AB1BA86C21A3E03D00845C77 /* PlayLocalVideoUITests.xctest */;
			productType = "com.apple.product-type.bundle.ui-testing";
		};
/* End PBXNativeTarget section */

/* Begin PBXProject section */
		AB1BA84521A3E03900845C77 /* Project object */ = {
			isa = PBXProject;
			attributes = {
				LastSwiftUpdateCheck = 0930;
				LastUpgradeCheck = 0930;
				ORGANIZATIONNAME = foxdingding;
				TargetAttributes = {
					AB1BA84C21A3E03900845C77 = {
						CreatedOnToolsVersion = 9.3.1;
					};
					AB1BA86021A3E03D00845C77 = {
						CreatedOnToolsVersion = 9.3.1;
						TestTargetID = AB1BA84C21A3E03900845C77;
					};
					AB1BA86B21A3E03D00845C77 = {
						CreatedOnToolsVersion = 9.3.1;
						TestTargetID = AB1BA84C21A3E03900845C77;
					};
				};
			};
			buildConfigurationList = AB1BA84821A3E03900845C77 /* Build configuration list for PBXProject "PlayLocalVideo" */;
			compatibilityVersion = "Xcode 9.3";
			developmentRegion = en;
			hasScannedForEncodings = 0;
			knownRegions = (
				en,
				Base,
			);
			mainGroup = AB1BA84421A3E03900845C77;
			productRefGroup = AB1BA84E21A3E03900845C77 /* Products */;
			projectDirPath = "";
			projectRoot = "";
			targets = (
				AB1BA84C21A3E03900845C77 /* PlayLocalVideo */,
				AB1BA86021A3E03D00845C77 /* PlayLocalVideoTests */,
				AB1BA86B21A3E03D00845C77 /* PlayLocalVideoUITests */,
			);
		};
/* End PBXProject section */

/* Begin PBXResourcesBuildPhase section */
		AB1BA84B21A3E03900845C77 /* Resources */ = {
			isa = PBXResourcesBuildPhase;
			buildActionMask = 2147483647;
			files = (
				AB1BA85B21A3E03D00845C77 /* LaunchScreen.storyboard in Resources */,
				AB1BA85821A3E03D00845C77 /* Assets.xcassets in Resources */,
				AB1BA85621A3E03900845C77 /* Main.storyboard in Resources */,
			);
			runOnlyForDeploymentPostprocessing = 0;
		};
		AB1BA85F21A3E03D00845C77 /* Resources */ = {
			isa = PBXResourcesBuildPhase;
			buildActionMask = 2147483647;
			files = (
			);
			runOnlyForDeploymentPostprocessing = 0;
		};
		AB1BA86A21A3E03D00845C77 /* Resources */ = {
			isa = PBXResourcesBuildPhase;
			buildActionMask = 2147483647;
			files = (
			);
			runOnlyForDeploymentPostprocessing = 0;
		};
/* End PBXResourcesBuildPhase section */

/* Begin PBXSourcesBuildPhase section */
		AB1BA84921A3E03900845C77 /* Sources */ = {
			isa = PBXSourcesBuildPhase;
			buildActionMask = 2147483647;
			files = (
				AB1BA85321A3E03900845C77 /* ViewController.swift in Sources */,
				AB1BA85121A3E03900845C77 /* AppDelegate.swift in Sources */,
			);
			runOnlyForDeploymentPostprocessing = 0;
		};
		AB1BA85D21A3E03D00845C77 /* Sources */ = {
			isa = PBXSourcesBuildPhase;
			buildActionMask = 2147483647;
			files = (
				AB1BA86621A3E03D00845C77 /* PlayLocalVideoTests.swift in Sources */,
			);
			runOnlyForDeploymentPostprocessing = 0;
		};
		AB1BA86821A3E03D00845C77 /* Sources */ = {
			isa = PBXSourcesBuildPhase;
			buildActionMask = 2147483647;
			files = (
				AB1BA87121A3E03D00845C77 /* PlayLocalVideoUITests.swift in Sources */,
			);
			runOnlyForDeploymentPostprocessing = 0;
		};
/* End PBXSourcesBuildPhase section */

/* Begin PBXTargetDependency section */
		AB1BA86321A3E03D00845C77 /* PBXTargetDependency */ = {
			isa = PBXTargetDependency;
			target = AB1BA84C21A3E03900845C77 /* PlayLocalVideo */;
			targetProxy = AB1BA86221A3E03D00845C77 /* PBXContainerItemProxy */;
		};
		AB1BA86E21A3E03D00845C77 /* PBXTargetDependency */ = {
			isa = PBXTargetDependency;
			target = AB1BA84C21A3E03900845C77 /* PlayLocalVideo */;
			targetProxy = AB1BA86D21A3E03D00845C77 /* PBXContainerItemProxy */;
		};
/* End PBXTargetDependency section */

/* Begin PBXVariantGroup section */
		AB1BA85421A3E03900845C77 /* Main.storyboard */ = {
			isa = PBXVariantGroup;
			children = (
				AB1BA85521A3E03900845C77 /* Base */,
			);
			name = Main.storyboard;
			sourceTree = "<group>";
		};
		AB1BA85921A3E03D00845C77 /* LaunchScreen.storyboard */ = {
			isa = PBXVariantGroup;
			children = (
				AB1BA85A21A3E03D00845C77 /* Base */,
			);
			name = LaunchScreen.storyboard;
			sourceTree = "<group>";
		};
/* End PBXVariantGroup section */

/* Begin XCBuildConfiguration section */
		AB1BA87321A3E03D00845C77 /* Debug */ = {
			isa = XCBuildConfiguration;
			buildSettings = {
				ALWAYS_SEARCH_USER_PATHS = NO;
				CLANG_ANALYZER_NONNULL = YES;
				CLANG_ANALYZER_NUMBER_OBJECT_CONVERSION = YES_AGGRESSIVE;
				CLANG_CXX_LANGUAGE_STANDARD = "gnu++14";
				CLANG_CXX_LIBRARY = "libc++";
				CLANG_ENABLE_MODULES = YES;
				CLANG_ENABLE_OBJC_ARC = YES;
				CLANG_ENABLE_OBJC_WEAK = YES;
				CLANG_WARN_BLOCK_CAPTURE_AUTORELEASING = YES;
				CLANG_WARN_BOOL_CONVERSION = YES;
				CLANG_WARN_COMMA = YES;
				CLANG_WARN_CONSTANT_CONVERSION = YES;
				CLANG_WARN_DEPRECATED_OBJC_IMPLEMENTATIONS = YES;
				CLANG_WARN_DIRECT_OBJC_ISA_USAGE = YES_ERROR;
				CLANG_WARN_DOCUMENTATION_COMMENTS = YES;
				CLANG_WARN_EMPTY_BODY = YES;
				CLANG_WARN_ENUM_CONVERSION = YES;
				CLANG_WARN_INFINITE_RECURSION = YES;
				CLANG_WARN_INT_CONVERSION = YES;
				CLANG_WARN_NON_LITERAL_NULL_CONVERSION = YES;
				CLANG_WARN_OBJC_IMPLICIT_RETAIN_SELF = YES;
				CLANG_WARN_OBJC_LITERAL_CONVERSION = YES;
				CLANG_WARN_OBJC_ROOT_CLASS = YES_ERROR;
				CLANG_WARN_RANGE_LOOP_ANALYSIS = YES;
				CLANG_WARN_STRICT_PROTOTYPES = YES;
				CLANG_WARN_SUSPICIOUS_MOVE = YES;
				CLANG_WARN_UNGUARDED_AVAILABILITY = YES_AGGRESSIVE;
				CLANG_WARN_UNREACHABLE_CODE = YES;
				CLANG_WARN__DUPLICATE_METHOD_MATCH = YES;
				CODE_SIGN_IDENTITY = "iPhone Developer";
				COPY_PHASE_STRIP = NO;
				DEBUG_INFORMATION_FORMAT = dwarf;
				ENABLE_STRICT_OBJC_MSGSEND = YES;
				ENABLE_TESTABILITY = YES;
				GCC_C_LANGUAGE_STANDARD = gnu11;
				GCC_DYNAMIC_NO_PIC = NO;
				GCC_NO_COMMON_BLOCKS = YES;
				GCC_OPTIMIZATION_LEVEL = 0;
				GCC_PREPROCESSOR_DEFINITIONS = (
					"DEBUG=1",
					"$(inherited)",
				);
				GCC_WARN_64_TO_32_BIT_CONVERSION = YES;
				GCC_WARN_ABOUT_RETURN_TYPE = YES_ERROR;
				GCC_WARN_UNDECLARED_SELECTOR = YES;
				GCC_WARN_UNINITIALIZED_AUTOS = YES_AGGRESSIVE;
				GCC_WARN_UNUSED_FUNCTION = YES;
				GCC_WARN_UNUSED_VARIABLE = YES;
				IPHONEOS_DEPLOYMENT_TARGET = 11.3;
				MTL_ENABLE_DEBUG_INFO = YES;
				ONLY_ACTIVE_ARCH = YES;
				SDKROOT = iphoneos;
				SWIFT_ACTIVE_COMPILATION_CONDITIONS = DEBUG;
				SWIFT_OPTIMIZATION_LEVEL = "-Onone";
			};
			name = Debug;
		};
		AB1BA87421A3E03D00845C77 /* Release */ = {
			isa = XCBuildConfiguration;
			buildSettings = {
				ALWAYS_SEARCH_USER_PATHS = NO;
				CLANG_ANALYZER_NONNULL = YES;
				CLANG_ANALYZER_NUMBER_OBJECT_CONVERSION = YES_AGGRESSIVE;
				CLANG_CXX_LANGUAGE_STANDARD = "gnu++14";
				CLANG_CXX_LIBRARY = "libc++";
				CLANG_ENABLE_MODULES = YES;
				CLANG_ENABLE_OBJC_ARC = YES;
				CLANG_ENABLE_OBJC_WEAK = YES;
				CLANG_WARN_BLOCK_CAPTURE_AUTORELEASING = YES;
				CLANG_WARN_BOOL_CONVERSION = YES;
				CLANG_WARN_COMMA = YES;
				CLANG_WARN_CONSTANT_CONVERSION = YES;
				CLANG_WARN_DEPRECATED_OBJC_IMPLEMENTATIONS = YES;
				CLANG_WARN_DIRECT_OBJC_ISA_USAGE = YES_ERROR;
				CLANG_WARN_DOCUMENTATION_COMMENTS = YES;
				CLANG_WARN_EMPTY_BODY = YES;
				CLANG_WARN_ENUM_CONVERSION = YES;
				CLANG_WARN_INFINITE_RECURSION = YES;
				CLANG_WARN_INT_CONVERSION = YES;
				CLANG_WARN_NON_LITERAL_NULL_CONVERSION = YES;
				CLANG_WARN_OBJC_IMPLICIT_RETAIN_SELF = YES;
				CLANG_WARN_OBJC_LITERAL_CONVERSION = YES;
				CLANG_WARN_OBJC_ROOT_CLASS = YES_ERROR;
				CLANG_WARN_RANGE_LOOP_ANALYSIS = YES;
				CLANG_WARN_STRICT_PROTOTYPES = YES;
				CLANG_WARN_SUSPICIOUS_MOVE = YES;
				CLANG_WARN_UNGUARDED_AVAILABILITY = YES_AGGRESSIVE;
				CLANG_WARN_UNREACHABLE_CODE = YES;
				CLANG_WARN__DUPLICATE_METHOD_MATCH = YES;
				CODE_SIGN_IDENTITY = "iPhone Developer";
				COPY_PHASE_STRIP = NO;
				DEBUG_INFORMATION_FORMAT = "dwarf-with-dsym";
				ENABLE_NS_ASSERTIONS = NO;
				ENABLE_STRICT_OBJC_MSGSEND = YES;
				GCC_C_LANGUAGE_STANDARD = gnu11;
				GCC_NO_COMMON_BLOCKS = YES;
				GCC_WARN_64_TO_32_BIT_CONVERSION = YES;
				GCC_WARN_ABOUT_RETURN_TYPE = YES_ERROR;
				GCC_WARN_UNDECLARED_SELECTOR = YES;
				GCC_WARN_UNINITIALIZED_AUTOS = YES_AGGRESSIVE;
				GCC_WARN_UNUSED_FUNCTION = YES;
				GCC_WARN_UNUSED_VARIABLE = YES;
				IPHONEOS_DEPLOYMENT_TARGET = 11.3;
				MTL_ENABLE_DEBUG_INFO = NO;
				SDKROOT = iphoneos;
				SWIFT_COMPILATION_MODE = wholemodule;
				SWIFT_OPTIMIZATION_LEVEL = "-O";
				VALIDATE_PRODUCT = YES;
			};
			name = Release;
		};
		AB1BA87621A3E03D00845C77 /* Debug */ = {
			isa = XCBuildConfiguration;
			buildSettings = {
				ASSETCATALOG_COMPILER_APPICON_NAME = AppIcon;
				CODE_SIGN_STYLE = Automatic;
				DEVELOPMENT_TEAM = JWVE56HM5P;
				INFOPLIST_FILE = PlayLocalVideo/Info.plist;
				IPHONEOS_DEPLOYMENT_TARGET = 10.0;
				LD_RUNPATH_SEARCH_PATHS = (
					"$(inherited)",
					"@executable_path/Frameworks",
				);
				PRODUCT_BUNDLE_IDENTIFIER = excelDemo.id.PlayLocalVideo;
				PRODUCT_NAME = "$(TARGET_NAME)";
				SWIFT_VERSION = 4.0;
				TARGETED_DEVICE_FAMILY = "1,2";
			};
			name = Debug;
		};
		AB1BA87721A3E03D00845C77 /* Release */ = {
			isa = XCBuildConfiguration;
			buildSettings = {
				ASSETCATALOG_COMPILER_APPICON_NAME = AppIcon;
				CODE_SIGN_STYLE = Automatic;
				DEVELOPMENT_TEAM = JWVE56HM5P;
				INFOPLIST_FILE = PlayLocalVideo/Info.plist;
				IPHONEOS_DEPLOYMENT_TARGET = 10.0;
				LD_RUNPATH_SEARCH_PATHS = (
					"$(inherited)",
					"@executable_path/Frameworks",
				);
				PRODUCT_BUNDLE_IDENTIFIER = excelDemo.id.PlayLocalVideo;
				PRODUCT_NAME = "$(TARGET_NAME)";
				SWIFT_VERSION = 4.0;
				TARGETED_DEVICE_FAMILY = "1,2";
			};
			name = Release;
		};
		AB1BA87921A3E03D00845C77 /* Debug */ = {
			isa = XCBuildConfiguration;
			buildSettings = {
				ALWAYS_EMBED_SWIFT_STANDARD_LIBRARIES = YES;
				BUNDLE_LOADER = "$(TEST_HOST)";
				CODE_SIGN_STYLE = Automatic;
				DEVELOPMENT_TEAM = JWVE56HM5P;
				INFOPLIST_FILE = PlayLocalVideoTests/Info.plist;
				LD_RUNPATH_SEARCH_PATHS = (
					"$(inherited)",
					"@executable_path/Frameworks",
					"@loader_path/Frameworks",
				);
				PRODUCT_BUNDLE_IDENTIFIER = excelDemo.id.PlayLocalVideoTests;
				PRODUCT_NAME = "$(TARGET_NAME)";
				SWIFT_VERSION = 4.0;
				TARGETED_DEVICE_FAMILY = "1,2";
				TEST_HOST = "$(BUILT_PRODUCTS_DIR)/PlayLocalVideo.app/PlayLocalVideo";
			};
			name = Debug;
		};
		AB1BA87A21A3E03D00845C77 /* Release */ = {
			isa = XCBuildConfiguration;
			buildSettings = {
				ALWAYS_EMBED_SWIFT_STANDARD_LIBRARIES = YES;
				BUNDLE_LOADER = "$(TEST_HOST)";
				CODE_SIGN_STYLE = Automatic;
				DEVELOPMENT_TEAM = JWVE56HM5P;
				INFOPLIST_FILE = PlayLocalVideoTests/Info.plist;
				LD_RUNPATH_SEARCH_PATHS = (
					"$(inherited)",
					"@executable_path/Frameworks",
					"@loader_path/Frameworks",
				);
				PRODUCT_BUNDLE_IDENTIFIER = excelDemo.id.PlayLocalVideoTests;
				PRODUCT_NAME = "$(TARGET_NAME)";
				SWIFT_VERSION = 4.0;
				TARGETED_DEVICE_FAMILY = "1,2";
				TEST_HOST = "$(BUILT_PRODUCTS_DIR)/PlayLocalVideo.app/PlayLocalVideo";
			};
			name = Release;
		};
		AB1BA87C21A3E03D00845C77 /* Debug */ = {
			isa = XCBuildConfiguration;
			buildSettings = {
				ALWAYS_EMBED_SWIFT_STANDARD_LIBRARIES = YES;
				CODE_SIGN_STYLE = Automatic;
				DEVELOPMENT_TEAM = JWVE56HM5P;
				INFOPLIST_FILE = PlayLocalVideoUITests/Info.plist;
				LD_RUNPATH_SEARCH_PATHS = (
					"$(inherited)",
					"@executable_path/Frameworks",
					"@loader_path/Frameworks",
				);
				PRODUCT_BUNDLE_IDENTIFIER = excelDemo.id.PlayLocalVideoUITests;
				PRODUCT_NAME = "$(TARGET_NAME)";
				SWIFT_VERSION = 4.0;
				TARGETED_DEVICE_FAMILY = "1,2";
				TEST_TARGET_NAME = PlayLocalVideo;
			};
			name = Debug;
		};
		AB1BA87D21A3E03D00845C77 /* Release */ = {
			isa = XCBuildConfiguration;
			buildSettings = {
				ALWAYS_EMBED_SWIFT_STANDARD_LIBRARIES = YES;
				CODE_SIGN_STYLE = Automatic;
				DEVELOPMENT_TEAM = JWVE56HM5P;
				INFOPLIST_FILE = PlayLocalVideoUITests/Info.plist;
				LD_RUNPATH_SEARCH_PATHS = (
					"$(inherited)",
					"@executable_path/Frameworks",
					"@loader_path/Frameworks",
				);
				PRODUCT_BUNDLE_IDENTIFIER = excelDemo.id.PlayLocalVideoUITests;
				PRODUCT_NAME = "$(TARGET_NAME)";
				SWIFT_VERSION = 4.0;
				TARGETED_DEVICE_FAMILY = "1,2";
				TEST_TARGET_NAME = PlayLocalVideo;
			};
			name = Release;
		};
/* End XCBuildConfiguration section */

/* Begin XCConfigurationList section */
		AB1BA84821A3E03900845C77 /* Build configuration list for PBXProject "PlayLocalVideo" */ = {
			isa = XCConfigurationList;
			buildConfigurations = (
				AB1BA87321A3E03D00845C77 /* Debug */,
				AB1BA87421A3E03D00845C77 /* Release */,
			);
			defaultConfigurationIsVisible = 0;
			defaultConfigurationName = Release;
		};
		AB1BA87521A3E03D00845C77 /* Build configuration list for PBXNativeTarget "PlayLocalVideo" */ = {
			isa = XCConfigurationList;
			buildConfigurations = (
				AB1BA87621A3E03D00845C77 /* Debug */,
				AB1BA87721A3E03D00845C77 /* Release */,
			);
			defaultConfigurationIsVisible = 0;
			defaultConfigurationName = Release;
		};
		AB1BA87821A3E03D00845C77 /* Build configuration list for PBXNativeTarget "PlayLocalVideoTests" */ = {
			isa = XCConfigurationList;
			buildConfigurations = (
				AB1BA87921A3E03D00845C77 /* Debug */,
				AB1BA87A21A3E03D00845C77 /* Release */,
			);
			defaultConfigurationIsVisible = 0;
			defaultConfigurationName = Release;
		};
		AB1BA87B21A3E03D00845C77 /* Build configuration list for PBXNativeTarget "PlayLocalVideoUITests" */ = {
			isa = XCConfigurationList;
			buildConfigurations = (
				AB1BA87C21A3E03D00845C77 /* Debug */,
				AB1BA87D21A3E03D00845C77 /* Release */,
			);
			defaultConfigurationIsVisible = 0;
			defaultConfigurationName = Release;
		};
/* End XCConfigurationList section */
	};
	rootObject = AB1BA84521A3E03900845C77 /* Project object */;
}
