// !$*UTF8*$!
{
	archiveVersion = 1;
	classes = {
	};
	objectVersion = 50;
	objects = {

/* Begin PBXBuildFile section */
		AB1C64B421B8B2E500F30530 /* AppDelegate.swift in Sources */ = {isa = PBXBuildFile; fileRef = AB1C64B321B8B2E500F30530 /* AppDelegate.swift */; };
		AB1C64B621B8B2E500F30530 /* ViewController.swift in Sources */ = {isa = PBXBuildFile; fileRef = AB1C64B521B8B2E500F30530 /* ViewController.swift */; };
		AB1C64BB21B8B2E900F30530 /* Assets.xcassets in Resources */ = {isa = PBXBuildFile; fileRef = AB1C64BA21B8B2E900F30530 /* Assets.xcassets */; };
		AB1C64BE21B8B2E900F30530 /* LaunchScreen.storyboard in Resources */ = {isa = PBXBuildFile; fileRef = AB1C64BC21B8B2E900F30530 /* LaunchScreen.storyboard */; };
		AB1C64C921B8B2E900F30530 /* MapDemoTests.swift in Sources */ = {isa = PBXBuildFile; fileRef = AB1C64C821B8B2E900F30530 /* MapDemoTests.swift */; };
		AB1C64D421B8B2E900F30530 /* MapDemoUITests.swift in Sources */ = {isa = PBXBuildFile; fileRef = AB1C64D321B8B2E900F30530 /* MapDemoUITests.swift */; };
		AB1C64E521B8BDAB00F30530 /* NavViewController.swift in Sources */ = {isa = PBXBuildFile; fileRef = AB1C64E421B8BDAB00F30530 /* NavViewController.swift */; };
		AB1C64E721B8BDFC00F30530 /* resertLocViewController.swift in Sources */ = {isa = PBXBuildFile; fileRef = AB1C64E621B8BDFC00F30530 /* resertLocViewController.swift */; };
		ABC49E7321BA164300254BE2 /* baseViewController.swift in Sources */ = {isa = PBXBuildFile; fileRef = ABC49E7221BA164300254BE2 /* baseViewController.swift */; };
		ABC49E7521BA21C700254BE2 /* mapViewController.swift in Sources */ = {isa = PBXBuildFile; fileRef = ABC49E7421BA21C700254BE2 /* mapViewController.swift */; };
		ABC49E7621BA253B00254BE2 /* MapKit.framework in Frameworks */ = {isa = PBXBuildFile; fileRef = AB1C64E221B8B38400F30530 /* MapKit.framework */; };
/* End PBXBuildFile section */

/* Begin PBXContainerItemProxy section */
		AB1C64C521B8B2E900F30530 /* PBXContainerItemProxy */ = {
			isa = PBXContainerItemProxy;
			containerPortal = AB1C64A821B8B2E500F30530 /* Project object */;
			proxyType = 1;
			remoteGlobalIDString = AB1C64AF21B8B2E500F30530;
			remoteInfo = MapDemo;
		};
		AB1C64D021B8B2E900F30530 /* PBXContainerItemProxy */ = {
			isa = PBXContainerItemProxy;
			containerPortal = AB1C64A821B8B2E500F30530 /* Project object */;
			proxyType = 1;
			remoteGlobalIDString = AB1C64AF21B8B2E500F30530;
			remoteInfo = MapDemo;
		};
/* End PBXContainerItemProxy section */

/* Begin PBXFileReference section */
		AB1C64B021B8B2E500F30530 /* MapDemo.app */ = {isa = PBXFileReference; explicitFileType = wrapper.application; includeInIndex = 0; path = MapDemo.app; sourceTree = BUILT_PRODUCTS_DIR; };
		AB1C64B321B8B2E500F30530 /* AppDelegate.swift */ = {isa = PBXFileReference; lastKnownFileType = sourcecode.swift; path = AppDelegate.swift; sourceTree = "<group>"; };
		AB1C64B521B8B2E500F30530 /* ViewController.swift */ = {isa = PBXFileReference; lastKnownFileType = sourcecode.swift; path = ViewController.swift; sourceTree = "<group>"; };
		AB1C64BA21B8B2E900F30530 /* Assets.xcassets */ = {isa = PBXFileReference; lastKnownFileType = folder.assetcatalog; path = Assets.xcassets; sourceTree = "<group>"; };
		AB1C64BD21B8B2E900F30530 /* Base */ = {isa = PBXFileReference; lastKnownFileType = file.storyboard; name = Base; path = Base.lproj/LaunchScreen.storyboard; sourceTree = "<group>"; };
		AB1C64BF21B8B2E900F30530 /* Info.plist */ = {isa = PBXFileReference; lastKnownFileType = text.plist.xml; path = Info.plist; sourceTree = "<group>"; };
		AB1C64C421B8B2E900F30530 /* MapDemoTests.xctest */ = {isa = PBXFileReference; explicitFileType = wrapper.cfbundle; includeInIndex = 0; path = MapDemoTests.xctest; sourceTree = BUILT_PRODUCTS_DIR; };
		AB1C64C821B8B2E900F30530 /* MapDemoTests.swift */ = {isa = PBXFileReference; lastKnownFileType = sourcecode.swift; path = MapDemoTests.swift; sourceTree = "<group>"; };
		AB1C64CA21B8B2E900F30530 /* Info.plist */ = {isa = PBXFileReference; lastKnownFileType = text.plist.xml; path = Info.plist; sourceTree = "<group>"; };
		AB1C64CF21B8B2E900F30530 /* MapDemoUITests.xctest */ = {isa = PBXFileReference; explicitFileType = wrapper.cfbundle; includeInIndex = 0; path = MapDemoUITests.xctest; sourceTree = BUILT_PRODUCTS_DIR; };
		AB1C64D321B8B2E900F30530 /* MapDemoUITests.swift */ = {isa = PBXFileReference; lastKnownFileType = sourcecode.swift; path = MapDemoUITests.swift; sourceTree = "<group>"; };
		AB1C64D521B8B2EA00F30530 /* Info.plist */ = {isa = PBXFileReference; lastKnownFileType = text.plist.xml; path = Info.plist; sourceTree = "<group>"; };
		AB1C64E221B8B38400F30530 /* MapKit.framework */ = {isa = PBXFileReference; lastKnownFileType = wrapper.framework; name = MapKit.framework; path = System/Library/Frameworks/MapKit.framework; sourceTree = SDKROOT; };
		AB1C64E421B8BDAB00F30530 /* NavViewController.swift */ = {isa = PBXFileReference; lastKnownFileType = sourcecode.swift; path = NavViewController.swift; sourceTree = "<group>"; };
		AB1C64E621B8BDFC00F30530 /* resertLocViewController.swift */ = {isa = PBXFileReference; lastKnownFileType = sourcecode.swift; path = resertLocViewController.swift; sourceTree = "<group>"; };
		ABC49E7221BA164300254BE2 /* baseViewController.swift */ = {isa = PBXFileReference; lastKnownFileType = sourcecode.swift; path = baseViewController.swift; sourceTree = "<group>"; };
		ABC49E7421BA21C700254BE2 /* mapViewController.swift */ = {isa = PBXFileReference; lastKnownFileType = sourcecode.swift; path = mapViewController.swift; sourceTree = "<group>"; };
/* End PBXFileReference section */

/* Begin PBXFrameworksBuildPhase section */
		AB1C64AD21B8B2E500F30530 /* Frameworks */ = {
			isa = PBXFrameworksBuildPhase;
			buildActionMask = 2147483647;
			files = (
				ABC49E7621BA253B00254BE2 /* MapKit.framework in Frameworks */,
			);
			runOnlyForDeploymentPostprocessing = 0;
		};
		AB1C64C121B8B2E900F30530 /* Frameworks */ = {
			isa = PBXFrameworksBuildPhase;
			buildActionMask = 2147483647;
			files = (
			);
			runOnlyForDeploymentPostprocessing = 0;
		};
		AB1C64CC21B8B2E900F30530 /* Frameworks */ = {
			isa = PBXFrameworksBuildPhase;
			buildActionMask = 2147483647;
			files = (
			);
			runOnlyForDeploymentPostprocessing = 0;
		};
/* End PBXFrameworksBuildPhase section */

/* Begin PBXGroup section */
		AB1C64A721B8B2E500F30530 = {
			isa = PBXGroup;
			children = (
				AB1C64B221B8B2E500F30530 /* MapDemo */,
				AB1C64C721B8B2E900F30530 /* MapDemoTests */,
				AB1C64D221B8B2E900F30530 /* MapDemoUITests */,
				AB1C64B121B8B2E500F30530 /* Products */,
				AB1C64E121B8B38400F30530 /* Frameworks */,
			);
			sourceTree = "<group>";
		};
		AB1C64B121B8B2E500F30530 /* Products */ = {
			isa = PBXGroup;
			children = (
				AB1C64B021B8B2E500F30530 /* MapDemo.app */,
				AB1C64C421B8B2E900F30530 /* MapDemoTests.xctest */,
				AB1C64CF21B8B2E900F30530 /* MapDemoUITests.xctest */,
			);
			name = Products;
			sourceTree = "<group>";
		};
		AB1C64B221B8B2E500F30530 /* MapDemo */ = {
			isa = PBXGroup;
			children = (
				AB1C64B321B8B2E500F30530 /* AppDelegate.swift */,
				AB1C64E421B8BDAB00F30530 /* NavViewController.swift */,
				ABC49E7221BA164300254BE2 /* baseViewController.swift */,
				AB1C64B521B8B2E500F30530 /* ViewController.swift */,
				AB1C64E621B8BDFC00F30530 /* resertLocViewController.swift */,
				ABC49E7421BA21C700254BE2 /* mapViewController.swift */,
				AB1C64BA21B8B2E900F30530 /* Assets.xcassets */,
				AB1C64BC21B8B2E900F30530 /* LaunchScreen.storyboard */,
				AB1C64BF21B8B2E900F30530 /* Info.plist */,
			);
			path = MapDemo;
			sourceTree = "<group>";
		};
		AB1C64C721B8B2E900F30530 /* MapDemoTests */ = {
			isa = PBXGroup;
			children = (
				AB1C64C821B8B2E900F30530 /* MapDemoTests.swift */,
				AB1C64CA21B8B2E900F30530 /* Info.plist */,
			);
			path = MapDemoTests;
			sourceTree = "<group>";
		};
		AB1C64D221B8B2E900F30530 /* MapDemoUITests */ = {
			isa = PBXGroup;
			children = (
				AB1C64D321B8B2E900F30530 /* MapDemoUITests.swift */,
				AB1C64D521B8B2EA00F30530 /* Info.plist */,
			);
			path = MapDemoUITests;
			sourceTree = "<group>";
		};
		AB1C64E121B8B38400F30530 /* Frameworks */ = {
			isa = PBXGroup;
			children = (
				AB1C64E221B8B38400F30530 /* MapKit.framework */,
			);
			name = Frameworks;
			sourceTree = "<group>";
		};
/* End PBXGroup section */

/* Begin PBXNativeTarget section */
		AB1C64AF21B8B2E500F30530 /* MapDemo */ = {
			isa = PBXNativeTarget;
			buildConfigurationList = AB1C64D821B8B2EA00F30530 /* Build configuration list for PBXNativeTarget "MapDemo" */;
			buildPhases = (
				AB1C64AC21B8B2E500F30530 /* Sources */,
				AB1C64AD21B8B2E500F30530 /* Frameworks */,
				AB1C64AE21B8B2E500F30530 /* Resources */,
			);
			buildRules = (
			);
			dependencies = (
			);
			name = MapDemo;
			productName = MapDemo;
			productReference = AB1C64B021B8B2E500F30530 /* MapDemo.app */;
			productType = "com.apple.product-type.application";
		};
		AB1C64C321B8B2E900F30530 /* MapDemoTests */ = {
			isa = PBXNativeTarget;
			buildConfigurationList = AB1C64DB21B8B2EA00F30530 /* Build configuration list for PBXNativeTarget "MapDemoTests" */;
			buildPhases = (
				AB1C64C021B8B2E900F30530 /* Sources */,
				AB1C64C121B8B2E900F30530 /* Frameworks */,
				AB1C64C221B8B2E900F30530 /* Resources */,
			);
			buildRules = (
			);
			dependencies = (
				AB1C64C621B8B2E900F30530 /* PBXTargetDependency */,
			);
			name = MapDemoTests;
			productName = MapDemoTests;
			productReference = AB1C64C421B8B2E900F30530 /* MapDemoTests.xctest */;
			productType = "com.apple.product-type.bundle.unit-test";
		};
		AB1C64CE21B8B2E900F30530 /* MapDemoUITests */ = {
			isa = PBXNativeTarget;
			buildConfigurationList = AB1C64DE21B8B2EA00F30530 /* Build configuration list for PBXNativeTarget "MapDemoUITests" */;
			buildPhases = (
				AB1C64CB21B8B2E900F30530 /* Sources */,
				AB1C64CC21B8B2E900F30530 /* Frameworks */,
				AB1C64CD21B8B2E900F30530 /* Resources */,
			);
			buildRules = (
			);
			dependencies = (
				AB1C64D121B8B2E900F30530 /* PBXTargetDependency */,
			);
			name = MapDemoUITests;
			productName = MapDemoUITests;
			productReference = AB1C64CF21B8B2E900F30530 /* MapDemoUITests.xctest */;
			productType = "com.apple.product-type.bundle.ui-testing";
		};
/* End PBXNativeTarget section */

/* Begin PBXProject section */
		AB1C64A821B8B2E500F30530 /* Project object */ = {
			isa = PBXProject;
			attributes = {
				LastSwiftUpdateCheck = 0930;
				LastUpgradeCheck = 0930;
				ORGANIZATIONNAME = foxdingding;
				TargetAttributes = {
					AB1C64AF21B8B2E500F30530 = {
						CreatedOnToolsVersion = 9.3.1;
						SystemCapabilities = {
							com.apple.Maps.iOS = {
								enabled = 1;
							};
						};
					};
					AB1C64C321B8B2E900F30530 = {
						CreatedOnToolsVersion = 9.3.1;
						TestTargetID = AB1C64AF21B8B2E500F30530;
					};
					AB1C64CE21B8B2E900F30530 = {
						CreatedOnToolsVersion = 9.3.1;
						TestTargetID = AB1C64AF21B8B2E500F30530;
					};
				};
			};
			buildConfigurationList = AB1C64AB21B8B2E500F30530 /* Build configuration list for PBXProject "MapDemo" */;
			compatibilityVersion = "Xcode 9.3";
			developmentRegion = en;
			hasScannedForEncodings = 0;
			knownRegions = (
				en,
				Base,
			);
			mainGroup = AB1C64A721B8B2E500F30530;
			productRefGroup = AB1C64B121B8B2E500F30530 /* Products */;
			projectDirPath = "";
			projectRoot = "";
			targets = (
				AB1C64AF21B8B2E500F30530 /* MapDemo */,
				AB1C64C321B8B2E900F30530 /* MapDemoTests */,
				AB1C64CE21B8B2E900F30530 /* MapDemoUITests */,
			);
		};
/* End PBXProject section */

/* Begin PBXResourcesBuildPhase section */
		AB1C64AE21B8B2E500F30530 /* Resources */ = {
			isa = PBXResourcesBuildPhase;
			buildActionMask = 2147483647;
			files = (
				AB1C64BE21B8B2E900F30530 /* LaunchScreen.storyboard in Resources */,
				AB1C64BB21B8B2E900F30530 /* Assets.xcassets in Resources */,
			);
			runOnlyForDeploymentPostprocessing = 0;
		};
		AB1C64C221B8B2E900F30530 /* Resources */ = {
			isa = PBXResourcesBuildPhase;
			buildActionMask = 2147483647;
			files = (
			);
			runOnlyForDeploymentPostprocessing = 0;
		};
		AB1C64CD21B8B2E900F30530 /* Resources */ = {
			isa = PBXResourcesBuildPhase;
			buildActionMask = 2147483647;
			files = (
			);
			runOnlyForDeploymentPostprocessing = 0;
		};
/* End PBXResourcesBuildPhase section */

/* Begin PBXSourcesBuildPhase section */
		AB1C64AC21B8B2E500F30530 /* Sources */ = {
			isa = PBXSourcesBuildPhase;
			buildActionMask = 2147483647;
			files = (
				AB1C64B621B8B2E500F30530 /* ViewController.swift in Sources */,
				AB1C64E521B8BDAB00F30530 /* NavViewController.swift in Sources */,
				AB1C64E721B8BDFC00F30530 /* resertLocViewController.swift in Sources */,
				ABC49E7521BA21C700254BE2 /* mapViewController.swift in Sources */,
				ABC49E7321BA164300254BE2 /* baseViewController.swift in Sources */,
				AB1C64B421B8B2E500F30530 /* AppDelegate.swift in Sources */,
			);
			runOnlyForDeploymentPostprocessing = 0;
		};
		AB1C64C021B8B2E900F30530 /* Sources */ = {
			isa = PBXSourcesBuildPhase;
			buildActionMask = 2147483647;
			files = (
				AB1C64C921B8B2E900F30530 /* MapDemoTests.swift in Sources */,
			);
			runOnlyForDeploymentPostprocessing = 0;
		};
		AB1C64CB21B8B2E900F30530 /* Sources */ = {
			isa = PBXSourcesBuildPhase;
			buildActionMask = 2147483647;
			files = (
				AB1C64D421B8B2E900F30530 /* MapDemoUITests.swift in Sources */,
			);
			runOnlyForDeploymentPostprocessing = 0;
		};
/* End PBXSourcesBuildPhase section */

/* Begin PBXTargetDependency section */
		AB1C64C621B8B2E900F30530 /* PBXTargetDependency */ = {
			isa = PBXTargetDependency;
			target = AB1C64AF21B8B2E500F30530 /* MapDemo */;
			targetProxy = AB1C64C521B8B2E900F30530 /* PBXContainerItemProxy */;
		};
		AB1C64D121B8B2E900F30530 /* PBXTargetDependency */ = {
			isa = PBXTargetDependency;
			target = AB1C64AF21B8B2E500F30530 /* MapDemo */;
			targetProxy = AB1C64D021B8B2E900F30530 /* PBXContainerItemProxy */;
		};
/* End PBXTargetDependency section */

/* Begin PBXVariantGroup section */
		AB1C64BC21B8B2E900F30530 /* LaunchScreen.storyboard */ = {
			isa = PBXVariantGroup;
			children = (
				AB1C64BD21B8B2E900F30530 /* Base */,
			);
			name = LaunchScreen.storyboard;
			sourceTree = "<group>";
		};
/* End PBXVariantGroup section */

/* Begin XCBuildConfiguration section */
		AB1C64D621B8B2EA00F30530 /* Debug */ = {
			isa = XCBuildConfiguration;
			buildSettings = {
				ALWAYS_SEARCH_USER_PATHS = NO;
				CLANG_ANALYZER_NONNULL = YES;
				CLANG_ANALYZER_NUMBER_OBJECT_CONVERSION = YES_AGGRESSIVE;
				CLANG_CXX_LANGUAGE_STANDARD = "gnu++14";
				CLANG_CXX_LIBRARY = "libc++";
				CLANG_ENABLE_MODULES = YES;
				CLANG_ENABLE_OBJC_ARC = YES;
				CLANG_ENABLE_OBJC_WEAK = YES;
				CLANG_WARN_BLOCK_CAPTURE_AUTORELEASING = YES;
				CLANG_WARN_BOOL_CONVERSION = YES;
				CLANG_WARN_COMMA = YES;
				CLANG_WARN_CONSTANT_CONVERSION = YES;
				CLANG_WARN_DEPRECATED_OBJC_IMPLEMENTATIONS = YES;
				CLANG_WARN_DIRECT_OBJC_ISA_USAGE = YES_ERROR;
				CLANG_WARN_DOCUMENTATION_COMMENTS = YES;
				CLANG_WARN_EMPTY_BODY = YES;
				CLANG_WARN_ENUM_CONVERSION = YES;
				CLANG_WARN_INFINITE_RECURSION = YES;
				CLANG_WARN_INT_CONVERSION = YES;
				CLANG_WARN_NON_LITERAL_NULL_CONVERSION = YES;
				CLANG_WARN_OBJC_IMPLICIT_RETAIN_SELF = YES;
				CLANG_WARN_OBJC_LITERAL_CONVERSION = YES;
				CLANG_WARN_OBJC_ROOT_CLASS = YES_ERROR;
				CLANG_WARN_RANGE_LOOP_ANALYSIS = YES;
				CLANG_WARN_STRICT_PROTOTYPES = YES;
				CLANG_WARN_SUSPICIOUS_MOVE = YES;
				CLANG_WARN_UNGUARDED_AVAILABILITY = YES_AGGRESSIVE;
				CLANG_WARN_UNREACHABLE_CODE = YES;
				CLANG_WARN__DUPLICATE_METHOD_MATCH = YES;
				CODE_SIGN_IDENTITY = "iPhone Developer";
				COPY_PHASE_STRIP = NO;
				DEBUG_INFORMATION_FORMAT = dwarf;
				ENABLE_STRICT_OBJC_MSGSEND = YES;
				ENABLE_TESTABILITY = YES;
				GCC_C_LANGUAGE_STANDARD = gnu11;
				GCC_DYNAMIC_NO_PIC = NO;
				GCC_NO_COMMON_BLOCKS = YES;
				GCC_OPTIMIZATION_LEVEL = 0;
				GCC_PREPROCESSOR_DEFINITIONS = (
					"DEBUG=1",
					"$(inherited)",
				);
				GCC_WARN_64_TO_32_BIT_CONVERSION = YES;
				GCC_WARN_ABOUT_RETURN_TYPE = YES_ERROR;
				GCC_WARN_UNDECLARED_SELECTOR = YES;
				GCC_WARN_UNINITIALIZED_AUTOS = YES_AGGRESSIVE;
				GCC_WARN_UNUSED_FUNCTION = YES;
				GCC_WARN_UNUSED_VARIABLE = YES;
				IPHONEOS_DEPLOYMENT_TARGET = 11.3;
				MTL_ENABLE_DEBUG_INFO = YES;
				ONLY_ACTIVE_ARCH = YES;
				SDKROOT = iphoneos;
				SWIFT_ACTIVE_COMPILATION_CONDITIONS = DEBUG;
				SWIFT_OPTIMIZATION_LEVEL = "-Onone";
			};
			name = Debug;
		};
		AB1C64D721B8B2EA00F30530 /* Release */ = {
			isa = XCBuildConfiguration;
			buildSettings = {
				ALWAYS_SEARCH_USER_PATHS = NO;
				CLANG_ANALYZER_NONNULL = YES;
				CLANG_ANALYZER_NUMBER_OBJECT_CONVERSION = YES_AGGRESSIVE;
				CLANG_CXX_LANGUAGE_STANDARD = "gnu++14";
				CLANG_CXX_LIBRARY = "libc++";
				CLANG_ENABLE_MODULES = YES;
				CLANG_ENABLE_OBJC_ARC = YES;
				CLANG_ENABLE_OBJC_WEAK = YES;
				CLANG_WARN_BLOCK_CAPTURE_AUTORELEASING = YES;
				CLANG_WARN_BOOL_CONVERSION = YES;
				CLANG_WARN_COMMA = YES;
				CLANG_WARN_CONSTANT_CONVERSION = YES;
				CLANG_WARN_DEPRECATED_OBJC_IMPLEMENTATIONS = YES;
				CLANG_WARN_DIRECT_OBJC_ISA_USAGE = YES_ERROR;
				CLANG_WARN_DOCUMENTATION_COMMENTS = YES;
				CLANG_WARN_EMPTY_BODY = YES;
				CLANG_WARN_ENUM_CONVERSION = YES;
				CLANG_WARN_INFINITE_RECURSION = YES;
				CLANG_WARN_INT_CONVERSION = YES;
				CLANG_WARN_NON_LITERAL_NULL_CONVERSION = YES;
				CLANG_WARN_OBJC_IMPLICIT_RETAIN_SELF = YES;
				CLANG_WARN_OBJC_LITERAL_CONVERSION = YES;
				CLANG_WARN_OBJC_ROOT_CLASS = YES_ERROR;
				CLANG_WARN_RANGE_LOOP_ANALYSIS = YES;
				CLANG_WARN_STRICT_PROTOTYPES = YES;
				CLANG_WARN_SUSPICIOUS_MOVE = YES;
				CLANG_WARN_UNGUARDED_AVAILABILITY = YES_AGGRESSIVE;
				CLANG_WARN_UNREACHABLE_CODE = YES;
				CLANG_WARN__DUPLICATE_METHOD_MATCH = YES;
				CODE_SIGN_IDENTITY = "iPhone Developer";
				COPY_PHASE_STRIP = NO;
				DEBUG_INFORMATION_FORMAT = "dwarf-with-dsym";
				ENABLE_NS_ASSERTIONS = NO;
				ENABLE_STRICT_OBJC_MSGSEND = YES;
				GCC_C_LANGUAGE_STANDARD = gnu11;
				GCC_NO_COMMON_BLOCKS = YES;
				GCC_WARN_64_TO_32_BIT_CONVERSION = YES;
				GCC_WARN_ABOUT_RETURN_TYPE = YES_ERROR;
				GCC_WARN_UNDECLARED_SELECTOR = YES;
				GCC_WARN_UNINITIALIZED_AUTOS = YES_AGGRESSIVE;
				GCC_WARN_UNUSED_FUNCTION = YES;
				GCC_WARN_UNUSED_VARIABLE = YES;
				IPHONEOS_DEPLOYMENT_TARGET = 11.3;
				MTL_ENABLE_DEBUG_INFO = NO;
				SDKROOT = iphoneos;
				SWIFT_COMPILATION_MODE = wholemodule;
				SWIFT_OPTIMIZATION_LEVEL = "-O";
				VALIDATE_PRODUCT = YES;
			};
			name = Release;
		};
		AB1C64D921B8B2EA00F30530 /* Debug */ = {
			isa = XCBuildConfiguration;
			buildSettings = {
				ASSETCATALOG_COMPILER_APPICON_NAME = AppIcon;
				CODE_SIGN_STYLE = Automatic;
				DEVELOPMENT_TEAM = VMNXA5LP96;
				INFOPLIST_FILE = MapDemo/Info.plist;
				IPHONEOS_DEPLOYMENT_TARGET = 10.1;
				LD_RUNPATH_SEARCH_PATHS = (
					"$(inherited)",
					"@executable_path/Frameworks",
				);
				PRODUCT_BUNDLE_IDENTIFIER = excelDemo.id.MapDemo;
				PRODUCT_NAME = "$(TARGET_NAME)";
				SWIFT_VERSION = 4.0;
				TARGETED_DEVICE_FAMILY = "1,2";
			};
			name = Debug;
		};
		AB1C64DA21B8B2EA00F30530 /* Release */ = {
			isa = XCBuildConfiguration;
			buildSettings = {
				ASSETCATALOG_COMPILER_APPICON_NAME = AppIcon;
				CODE_SIGN_STYLE = Automatic;
				DEVELOPMENT_TEAM = VMNXA5LP96;
				INFOPLIST_FILE = MapDemo/Info.plist;
				IPHONEOS_DEPLOYMENT_TARGET = 10.1;
				LD_RUNPATH_SEARCH_PATHS = (
					"$(inherited)",
					"@executable_path/Frameworks",
				);
				PRODUCT_BUNDLE_IDENTIFIER = excelDemo.id.MapDemo;
				PRODUCT_NAME = "$(TARGET_NAME)";
				SWIFT_VERSION = 4.0;
				TARGETED_DEVICE_FAMILY = "1,2";
			};
			name = Release;
		};
		AB1C64DC21B8B2EA00F30530 /* Debug */ = {
			isa = XCBuildConfiguration;
			buildSettings = {
				ALWAYS_EMBED_SWIFT_STANDARD_LIBRARIES = YES;
				BUNDLE_LOADER = "$(TEST_HOST)";
				CODE_SIGN_STYLE = Automatic;
				DEVELOPMENT_TEAM = VMNXA5LP96;
				INFOPLIST_FILE = MapDemoTests/Info.plist;
				LD_RUNPATH_SEARCH_PATHS = (
					"$(inherited)",
					"@executable_path/Frameworks",
					"@loader_path/Frameworks",
				);
				PRODUCT_BUNDLE_IDENTIFIER = excelDemo.id.MapDemoTests;
				PRODUCT_NAME = "$(TARGET_NAME)";
				SWIFT_VERSION = 4.0;
				TARGETED_DEVICE_FAMILY = "1,2";
				TEST_HOST = "$(BUILT_PRODUCTS_DIR)/MapDemo.app/MapDemo";
			};
			name = Debug;
		};
		AB1C64DD21B8B2EA00F30530 /* Release */ = {
			isa = XCBuildConfiguration;
			buildSettings = {
				ALWAYS_EMBED_SWIFT_STANDARD_LIBRARIES = YES;
				BUNDLE_LOADER = "$(TEST_HOST)";
				CODE_SIGN_STYLE = Automatic;
				DEVELOPMENT_TEAM = VMNXA5LP96;
				INFOPLIST_FILE = MapDemoTests/Info.plist;
				LD_RUNPATH_SEARCH_PATHS = (
					"$(inherited)",
					"@executable_path/Frameworks",
					"@loader_path/Frameworks",
				);
				PRODUCT_BUNDLE_IDENTIFIER = excelDemo.id.MapDemoTests;
				PRODUCT_NAME = "$(TARGET_NAME)";
				SWIFT_VERSION = 4.0;
				TARGETED_DEVICE_FAMILY = "1,2";
				TEST_HOST = "$(BUILT_PRODUCTS_DIR)/MapDemo.app/MapDemo";
			};
			name = Release;
		};
		AB1C64DF21B8B2EA00F30530 /* Debug */ = {
			isa = XCBuildConfiguration;
			buildSettings = {
				ALWAYS_EMBED_SWIFT_STANDARD_LIBRARIES = YES;
				CODE_SIGN_STYLE = Automatic;
				DEVELOPMENT_TEAM = VMNXA5LP96;
				INFOPLIST_FILE = MapDemoUITests/Info.plist;
				LD_RUNPATH_SEARCH_PATHS = (
					"$(inherited)",
					"@executable_path/Frameworks",
					"@loader_path/Frameworks",
				);
				PRODUCT_BUNDLE_IDENTIFIER = excelDemo.id.MapDemoUITests;
				PRODUCT_NAME = "$(TARGET_NAME)";
				SWIFT_VERSION = 4.0;
				TARGETED_DEVICE_FAMILY = "1,2";
				TEST_TARGET_NAME = MapDemo;
			};
			name = Debug;
		};
		AB1C64E021B8B2EA00F30530 /* Release */ = {
			isa = XCBuildConfiguration;
			buildSettings = {
				ALWAYS_EMBED_SWIFT_STANDARD_LIBRARIES = YES;
				CODE_SIGN_STYLE = Automatic;
				DEVELOPMENT_TEAM = VMNXA5LP96;
				INFOPLIST_FILE = MapDemoUITests/Info.plist;
				LD_RUNPATH_SEARCH_PATHS = (
					"$(inherited)",
					"@executable_path/Frameworks",
					"@loader_path/Frameworks",
				);
				PRODUCT_BUNDLE_IDENTIFIER = excelDemo.id.MapDemoUITests;
				PRODUCT_NAME = "$(TARGET_NAME)";
				SWIFT_VERSION = 4.0;
				TARGETED_DEVICE_FAMILY = "1,2";
				TEST_TARGET_NAME = MapDemo;
			};
			name = Release;
		};
/* End XCBuildConfiguration section */

/* Begin XCConfigurationList section */
		AB1C64AB21B8B2E500F30530 /* Build configuration list for PBXProject "MapDemo" */ = {
			isa = XCConfigurationList;
			buildConfigurations = (
				AB1C64D621B8B2EA00F30530 /* Debug */,
				AB1C64D721B8B2EA00F30530 /* Release */,
			);
			defaultConfigurationIsVisible = 0;
			defaultConfigurationName = Release;
		};
		AB1C64D821B8B2EA00F30530 /* Build configuration list for PBXNativeTarget "MapDemo" */ = {
			isa = XCConfigurationList;
			buildConfigurations = (
				AB1C64D921B8B2EA00F30530 /* Debug */,
				AB1C64DA21B8B2EA00F30530 /* Release */,
			);
			defaultConfigurationIsVisible = 0;
			defaultConfigurationName = Release;
		};
		AB1C64DB21B8B2EA00F30530 /* Build configuration list for PBXNativeTarget "MapDemoTests" */ = {
			isa = XCConfigurationList;
			buildConfigurations = (
				AB1C64DC21B8B2EA00F30530 /* Debug */,
				AB1C64DD21B8B2EA00F30530 /* Release */,
			);
			defaultConfigurationIsVisible = 0;
			defaultConfigurationName = Release;
		};
		AB1C64DE21B8B2EA00F30530 /* Build configuration list for PBXNativeTarget "MapDemoUITests" */ = {
			isa = XCConfigurationList;
			buildConfigurations = (
				AB1C64DF21B8B2EA00F30530 /* Debug */,
				AB1C64E021B8B2EA00F30530 /* Release */,
			);
			defaultConfigurationIsVisible = 0;
			defaultConfigurationName = Release;
		};
/* End XCConfigurationList section */
	};
	rootObject = AB1C64A821B8B2E500F30530 /* Project object */;
}
