// !$*UTF8*$!
{
	archiveVersion = 1;
	classes = {
	};
	objectVersion = 50;
	objects = {

/* Begin PBXBuildFile section */
		ABE1DA6521B6694A00DF6579 /* AppDelegate.swift in Sources */ = {isa = PBXBuildFile; fileRef = ABE1DA6421B6694A00DF6579 /* AppDelegate.swift */; };
		ABE1DA6721B6694A00DF6579 /* ViewController.swift in Sources */ = {isa = PBXBuildFile; fileRef = ABE1DA6621B6694A00DF6579 /* ViewController.swift */; };
		ABE1DA6A21B6694A00DF6579 /* Main.storyboard in Resources */ = {isa = PBXBuildFile; fileRef = ABE1DA6821B6694A00DF6579 /* Main.storyboard */; };
		ABE1DA6C21B6694E00DF6579 /* Assets.xcassets in Resources */ = {isa = PBXBuildFile; fileRef = ABE1DA6B21B6694E00DF6579 /* Assets.xcassets */; };
		ABE1DA6F21B6694E00DF6579 /* LaunchScreen.storyboard in Resources */ = {isa = PBXBuildFile; fileRef = ABE1DA6D21B6694E00DF6579 /* LaunchScreen.storyboard */; };
		ABE1DA7A21B6694F00DF6579 /* EmojiSlotMachineTests.swift in Sources */ = {isa = PBXBuildFile; fileRef = ABE1DA7921B6694F00DF6579 /* EmojiSlotMachineTests.swift */; };
		ABE1DA8521B6694F00DF6579 /* EmojiSlotMachineUITests.swift in Sources */ = {isa = PBXBuildFile; fileRef = ABE1DA8421B6694F00DF6579 /* EmojiSlotMachineUITests.swift */; };
/* End PBXBuildFile section */

/* Begin PBXContainerItemProxy section */
		ABE1DA7621B6694F00DF6579 /* PBXContainerItemProxy */ = {
			isa = PBXContainerItemProxy;
			containerPortal = ABE1DA5921B6694A00DF6579 /* Project object */;
			proxyType = 1;
			remoteGlobalIDString = ABE1DA6021B6694A00DF6579;
			remoteInfo = EmojiSlotMachine;
		};
		ABE1DA8121B6694F00DF6579 /* PBXContainerItemProxy */ = {
			isa = PBXContainerItemProxy;
			containerPortal = ABE1DA5921B6694A00DF6579 /* Project object */;
			proxyType = 1;
			remoteGlobalIDString = ABE1DA6021B6694A00DF6579;
			remoteInfo = EmojiSlotMachine;
		};
/* End PBXContainerItemProxy section */

/* Begin PBXFileReference section */
		ABE1DA6121B6694A00DF6579 /* EmojiSlotMachine.app */ = {isa = PBXFileReference; explicitFileType = wrapper.application; includeInIndex = 0; path = EmojiSlotMachine.app; sourceTree = BUILT_PRODUCTS_DIR; };
		ABE1DA6421B6694A00DF6579 /* AppDelegate.swift */ = {isa = PBXFileReference; lastKnownFileType = sourcecode.swift; path = AppDelegate.swift; sourceTree = "<group>"; };
		ABE1DA6621B6694A00DF6579 /* ViewController.swift */ = {isa = PBXFileReference; lastKnownFileType = sourcecode.swift; path = ViewController.swift; sourceTree = "<group>"; };
		ABE1DA6921B6694A00DF6579 /* Base */ = {isa = PBXFileReference; lastKnownFileType = file.storyboard; name = Base; path = Base.lproj/Main.storyboard; sourceTree = "<group>"; };
		ABE1DA6B21B6694E00DF6579 /* Assets.xcassets */ = {isa = PBXFileReference; lastKnownFileType = folder.assetcatalog; path = Assets.xcassets; sourceTree = "<group>"; };
		ABE1DA6E21B6694E00DF6579 /* Base */ = {isa = PBXFileReference; lastKnownFileType = file.storyboard; name = Base; path = Base.lproj/LaunchScreen.storyboard; sourceTree = "<group>"; };
		ABE1DA7021B6694E00DF6579 /* Info.plist */ = {isa = PBXFileReference; lastKnownFileType = text.plist.xml; path = Info.plist; sourceTree = "<group>"; };
		ABE1DA7521B6694F00DF6579 /* EmojiSlotMachineTests.xctest */ = {isa = PBXFileReference; explicitFileType = wrapper.cfbundle; includeInIndex = 0; path = EmojiSlotMachineTests.xctest; sourceTree = BUILT_PRODUCTS_DIR; };
		ABE1DA7921B6694F00DF6579 /* EmojiSlotMachineTests.swift */ = {isa = PBXFileReference; lastKnownFileType = sourcecode.swift; path = EmojiSlotMachineTests.swift; sourceTree = "<group>"; };
		ABE1DA7B21B6694F00DF6579 /* Info.plist */ = {isa = PBXFileReference; lastKnownFileType = text.plist.xml; path = Info.plist; sourceTree = "<group>"; };
		ABE1DA8021B6694F00DF6579 /* EmojiSlotMachineUITests.xctest */ = {isa = PBXFileReference; explicitFileType = wrapper.cfbundle; includeInIndex = 0; path = EmojiSlotMachineUITests.xctest; sourceTree = BUILT_PRODUCTS_DIR; };
		ABE1DA8421B6694F00DF6579 /* EmojiSlotMachineUITests.swift */ = {isa = PBXFileReference; lastKnownFileType = sourcecode.swift; path = EmojiSlotMachineUITests.swift; sourceTree = "<group>"; };
		ABE1DA8621B6694F00DF6579 /* Info.plist */ = {isa = PBXFileReference; lastKnownFileType = text.plist.xml; path = Info.plist; sourceTree = "<group>"; };
/* End PBXFileReference section */

/* Begin PBXFrameworksBuildPhase section */
		ABE1DA5E21B6694A00DF6579 /* Frameworks */ = {
			isa = PBXFrameworksBuildPhase;
			buildActionMask = 2147483647;
			files = (
			);
			runOnlyForDeploymentPostprocessing = 0;
		};
		ABE1DA7221B6694F00DF6579 /* Frameworks */ = {
			isa = PBXFrameworksBuildPhase;
			buildActionMask = 2147483647;
			files = (
			);
			runOnlyForDeploymentPostprocessing = 0;
		};
		ABE1DA7D21B6694F00DF6579 /* Frameworks */ = {
			isa = PBXFrameworksBuildPhase;
			buildActionMask = 2147483647;
			files = (
			);
			runOnlyForDeploymentPostprocessing = 0;
		};
/* End PBXFrameworksBuildPhase section */

/* Begin PBXGroup section */
		ABE1DA5821B6694A00DF6579 = {
			isa = PBXGroup;
			children = (
				ABE1DA6321B6694A00DF6579 /* EmojiSlotMachine */,
				ABE1DA7821B6694F00DF6579 /* EmojiSlotMachineTests */,
				ABE1DA8321B6694F00DF6579 /* EmojiSlotMachineUITests */,
				ABE1DA6221B6694A00DF6579 /* Products */,
			);
			sourceTree = "<group>";
		};
		ABE1DA6221B6694A00DF6579 /* Products */ = {
			isa = PBXGroup;
			children = (
				ABE1DA6121B6694A00DF6579 /* EmojiSlotMachine.app */,
				ABE1DA7521B6694F00DF6579 /* EmojiSlotMachineTests.xctest */,
				ABE1DA8021B6694F00DF6579 /* EmojiSlotMachineUITests.xctest */,
			);
			name = Products;
			sourceTree = "<group>";
		};
		ABE1DA6321B6694A00DF6579 /* EmojiSlotMachine */ = {
			isa = PBXGroup;
			children = (
				ABE1DA6421B6694A00DF6579 /* AppDelegate.swift */,
				ABE1DA6621B6694A00DF6579 /* ViewController.swift */,
				ABE1DA6821B6694A00DF6579 /* Main.storyboard */,
				ABE1DA6B21B6694E00DF6579 /* Assets.xcassets */,
				ABE1DA6D21B6694E00DF6579 /* LaunchScreen.storyboard */,
				ABE1DA7021B6694E00DF6579 /* Info.plist */,
			);
			path = EmojiSlotMachine;
			sourceTree = "<group>";
		};
		ABE1DA7821B6694F00DF6579 /* EmojiSlotMachineTests */ = {
			isa = PBXGroup;
			children = (
				ABE1DA7921B6694F00DF6579 /* EmojiSlotMachineTests.swift */,
				ABE1DA7B21B6694F00DF6579 /* Info.plist */,
			);
			path = EmojiSlotMachineTests;
			sourceTree = "<group>";
		};
		ABE1DA8321B6694F00DF6579 /* EmojiSlotMachineUITests */ = {
			isa = PBXGroup;
			children = (
				ABE1DA8421B6694F00DF6579 /* EmojiSlotMachineUITests.swift */,
				ABE1DA8621B6694F00DF6579 /* Info.plist */,
			);
			path = EmojiSlotMachineUITests;
			sourceTree = "<group>";
		};
/* End PBXGroup section */

/* Begin PBXNativeTarget section */
		ABE1DA6021B6694A00DF6579 /* EmojiSlotMachine */ = {
			isa = PBXNativeTarget;
			buildConfigurationList = ABE1DA8921B6694F00DF6579 /* Build configuration list for PBXNativeTarget "EmojiSlotMachine" */;
			buildPhases = (
				ABE1DA5D21B6694A00DF6579 /* Sources */,
				ABE1DA5E21B6694A00DF6579 /* Frameworks */,
				ABE1DA5F21B6694A00DF6579 /* Resources */,
			);
			buildRules = (
			);
			dependencies = (
			);
			name = EmojiSlotMachine;
			productName = EmojiSlotMachine;
			productReference = ABE1DA6121B6694A00DF6579 /* EmojiSlotMachine.app */;
			productType = "com.apple.product-type.application";
		};
		ABE1DA7421B6694F00DF6579 /* EmojiSlotMachineTests */ = {
			isa = PBXNativeTarget;
			buildConfigurationList = ABE1DA8C21B6694F00DF6579 /* Build configuration list for PBXNativeTarget "EmojiSlotMachineTests" */;
			buildPhases = (
				ABE1DA7121B6694F00DF6579 /* Sources */,
				ABE1DA7221B6694F00DF6579 /* Frameworks */,
				ABE1DA7321B6694F00DF6579 /* Resources */,
			);
			buildRules = (
			);
			dependencies = (
				ABE1DA7721B6694F00DF6579 /* PBXTargetDependency */,
			);
			name = EmojiSlotMachineTests;
			productName = EmojiSlotMachineTests;
			productReference = ABE1DA7521B6694F00DF6579 /* EmojiSlotMachineTests.xctest */;
			productType = "com.apple.product-type.bundle.unit-test";
		};
		ABE1DA7F21B6694F00DF6579 /* EmojiSlotMachineUITests */ = {
			isa = PBXNativeTarget;
			buildConfigurationList = ABE1DA8F21B6694F00DF6579 /* Build configuration list for PBXNativeTarget "EmojiSlotMachineUITests" */;
			buildPhases = (
				ABE1DA7C21B6694F00DF6579 /* Sources */,
				ABE1DA7D21B6694F00DF6579 /* Frameworks */,
				ABE1DA7E21B6694F00DF6579 /* Resources */,
			);
			buildRules = (
			);
			dependencies = (
				ABE1DA8221B6694F00DF6579 /* PBXTargetDependency */,
			);
			name = EmojiSlotMachineUITests;
			productName = EmojiSlotMachineUITests;
			productReference = ABE1DA8021B6694F00DF6579 /* EmojiSlotMachineUITests.xctest */;
			productType = "com.apple.product-type.bundle.ui-testing";
		};
/* End PBXNativeTarget section */

/* Begin PBXProject section */
		ABE1DA5921B6694A00DF6579 /* Project object */ = {
			isa = PBXProject;
			attributes = {
				LastSwiftUpdateCheck = 0930;
				LastUpgradeCheck = 0930;
				ORGANIZATIONNAME = foxdingding;
				TargetAttributes = {
					ABE1DA6021B6694A00DF6579 = {
						CreatedOnToolsVersion = 9.3.1;
					};
					ABE1DA7421B6694F00DF6579 = {
						CreatedOnToolsVersion = 9.3.1;
						TestTargetID = ABE1DA6021B6694A00DF6579;
					};
					ABE1DA7F21B6694F00DF6579 = {
						CreatedOnToolsVersion = 9.3.1;
						TestTargetID = ABE1DA6021B6694A00DF6579;
					};
				};
			};
			buildConfigurationList = ABE1DA5C21B6694A00DF6579 /* Build configuration list for PBXProject "EmojiSlotMachine" */;
			compatibilityVersion = "Xcode 9.3";
			developmentRegion = en;
			hasScannedForEncodings = 0;
			knownRegions = (
				en,
				Base,
			);
			mainGroup = ABE1DA5821B6694A00DF6579;
			productRefGroup = ABE1DA6221B6694A00DF6579 /* Products */;
			projectDirPath = "";
			projectRoot = "";
			targets = (
				ABE1DA6021B6694A00DF6579 /* EmojiSlotMachine */,
				ABE1DA7421B6694F00DF6579 /* EmojiSlotMachineTests */,
				ABE1DA7F21B6694F00DF6579 /* EmojiSlotMachineUITests */,
			);
		};
/* End PBXProject section */

/* Begin PBXResourcesBuildPhase section */
		ABE1DA5F21B6694A00DF6579 /* Resources */ = {
			isa = PBXResourcesBuildPhase;
			buildActionMask = 2147483647;
			files = (
				ABE1DA6F21B6694E00DF6579 /* LaunchScreen.storyboard in Resources */,
				ABE1DA6C21B6694E00DF6579 /* Assets.xcassets in Resources */,
				ABE1DA6A21B6694A00DF6579 /* Main.storyboard in Resources */,
			);
			runOnlyForDeploymentPostprocessing = 0;
		};
		ABE1DA7321B6694F00DF6579 /* Resources */ = {
			isa = PBXResourcesBuildPhase;
			buildActionMask = 2147483647;
			files = (
			);
			runOnlyForDeploymentPostprocessing = 0;
		};
		ABE1DA7E21B6694F00DF6579 /* Resources */ = {
			isa = PBXResourcesBuildPhase;
			buildActionMask = 2147483647;
			files = (
			);
			runOnlyForDeploymentPostprocessing = 0;
		};
/* End PBXResourcesBuildPhase section */

/* Begin PBXSourcesBuildPhase section */
		ABE1DA5D21B6694A00DF6579 /* Sources */ = {
			isa = PBXSourcesBuildPhase;
			buildActionMask = 2147483647;
			files = (
				ABE1DA6721B6694A00DF6579 /* ViewController.swift in Sources */,
				ABE1DA6521B6694A00DF6579 /* AppDelegate.swift in Sources */,
			);
			runOnlyForDeploymentPostprocessing = 0;
		};
		ABE1DA7121B6694F00DF6579 /* Sources */ = {
			isa = PBXSourcesBuildPhase;
			buildActionMask = 2147483647;
			files = (
				ABE1DA7A21B6694F00DF6579 /* EmojiSlotMachineTests.swift in Sources */,
			);
			runOnlyForDeploymentPostprocessing = 0;
		};
		ABE1DA7C21B6694F00DF6579 /* Sources */ = {
			isa = PBXSourcesBuildPhase;
			buildActionMask = 2147483647;
			files = (
				ABE1DA8521B6694F00DF6579 /* EmojiSlotMachineUITests.swift in Sources */,
			);
			runOnlyForDeploymentPostprocessing = 0;
		};
/* End PBXSourcesBuildPhase section */

/* Begin PBXTargetDependency section */
		ABE1DA7721B6694F00DF6579 /* PBXTargetDependency */ = {
			isa = PBXTargetDependency;
			target = ABE1DA6021B6694A00DF6579 /* EmojiSlotMachine */;
			targetProxy = ABE1DA7621B6694F00DF6579 /* PBXContainerItemProxy */;
		};
		ABE1DA8221B6694F00DF6579 /* PBXTargetDependency */ = {
			isa = PBXTargetDependency;
			target = ABE1DA6021B6694A00DF6579 /* EmojiSlotMachine */;
			targetProxy = ABE1DA8121B6694F00DF6579 /* PBXContainerItemProxy */;
		};
/* End PBXTargetDependency section */

/* Begin PBXVariantGroup section */
		ABE1DA6821B6694A00DF6579 /* Main.storyboard */ = {
			isa = PBXVariantGroup;
			children = (
				ABE1DA6921B6694A00DF6579 /* Base */,
			);
			name = Main.storyboard;
			sourceTree = "<group>";
		};
		ABE1DA6D21B6694E00DF6579 /* LaunchScreen.storyboard */ = {
			isa = PBXVariantGroup;
			children = (
				ABE1DA6E21B6694E00DF6579 /* Base */,
			);
			name = LaunchScreen.storyboard;
			sourceTree = "<group>";
		};
/* End PBXVariantGroup section */

/* Begin XCBuildConfiguration section */
		ABE1DA8721B6694F00DF6579 /* Debug */ = {
			isa = XCBuildConfiguration;
			buildSettings = {
				ALWAYS_SEARCH_USER_PATHS = NO;
				CLANG_ANALYZER_NONNULL = YES;
				CLANG_ANALYZER_NUMBER_OBJECT_CONVERSION = YES_AGGRESSIVE;
				CLANG_CXX_LANGUAGE_STANDARD = "gnu++14";
				CLANG_CXX_LIBRARY = "libc++";
				CLANG_ENABLE_MODULES = YES;
				CLANG_ENABLE_OBJC_ARC = YES;
				CLANG_ENABLE_OBJC_WEAK = YES;
				CLANG_WARN_BLOCK_CAPTURE_AUTORELEASING = YES;
				CLANG_WARN_BOOL_CONVERSION = YES;
				CLANG_WARN_COMMA = YES;
				CLANG_WARN_CONSTANT_CONVERSION = YES;
				CLANG_WARN_DEPRECATED_OBJC_IMPLEMENTATIONS = YES;
				CLANG_WARN_DIRECT_OBJC_ISA_USAGE = YES_ERROR;
				CLANG_WARN_DOCUMENTATION_COMMENTS = YES;
				CLANG_WARN_EMPTY_BODY = YES;
				CLANG_WARN_ENUM_CONVERSION = YES;
				CLANG_WARN_INFINITE_RECURSION = YES;
				CLANG_WARN_INT_CONVERSION = YES;
				CLANG_WARN_NON_LITERAL_NULL_CONVERSION = YES;
				CLANG_WARN_OBJC_IMPLICIT_RETAIN_SELF = YES;
				CLANG_WARN_OBJC_LITERAL_CONVERSION = YES;
				CLANG_WARN_OBJC_ROOT_CLASS = YES_ERROR;
				CLANG_WARN_RANGE_LOOP_ANALYSIS = YES;
				CLANG_WARN_STRICT_PROTOTYPES = YES;
				CLANG_WARN_SUSPICIOUS_MOVE = YES;
				CLANG_WARN_UNGUARDED_AVAILABILITY = YES_AGGRESSIVE;
				CLANG_WARN_UNREACHABLE_CODE = YES;
				CLANG_WARN__DUPLICATE_METHOD_MATCH = YES;
				CODE_SIGN_IDENTITY = "iPhone Developer";
				COPY_PHASE_STRIP = NO;
				DEBUG_INFORMATION_FORMAT = dwarf;
				ENABLE_STRICT_OBJC_MSGSEND = YES;
				ENABLE_TESTABILITY = YES;
				GCC_C_LANGUAGE_STANDARD = gnu11;
				GCC_DYNAMIC_NO_PIC = NO;
				GCC_NO_COMMON_BLOCKS = YES;
				GCC_OPTIMIZATION_LEVEL = 0;
				GCC_PREPROCESSOR_DEFINITIONS = (
					"DEBUG=1",
					"$(inherited)",
				);
				GCC_WARN_64_TO_32_BIT_CONVERSION = YES;
				GCC_WARN_ABOUT_RETURN_TYPE = YES_ERROR;
				GCC_WARN_UNDECLARED_SELECTOR = YES;
				GCC_WARN_UNINITIALIZED_AUTOS = YES_AGGRESSIVE;
				GCC_WARN_UNUSED_FUNCTION = YES;
				GCC_WARN_UNUSED_VARIABLE = YES;
				IPHONEOS_DEPLOYMENT_TARGET = 11.3;
				MTL_ENABLE_DEBUG_INFO = YES;
				ONLY_ACTIVE_ARCH = YES;
				SDKROOT = iphoneos;
				SWIFT_ACTIVE_COMPILATION_CONDITIONS = DEBUG;
				SWIFT_OPTIMIZATION_LEVEL = "-Onone";
			};
			name = Debug;
		};
		ABE1DA8821B6694F00DF6579 /* Release */ = {
			isa = XCBuildConfiguration;
			buildSettings = {
				ALWAYS_SEARCH_USER_PATHS = NO;
				CLANG_ANALYZER_NONNULL = YES;
				CLANG_ANALYZER_NUMBER_OBJECT_CONVERSION = YES_AGGRESSIVE;
				CLANG_CXX_LANGUAGE_STANDARD = "gnu++14";
				CLANG_CXX_LIBRARY = "libc++";
				CLANG_ENABLE_MODULES = YES;
				CLANG_ENABLE_OBJC_ARC = YES;
				CLANG_ENABLE_OBJC_WEAK = YES;
				CLANG_WARN_BLOCK_CAPTURE_AUTORELEASING = YES;
				CLANG_WARN_BOOL_CONVERSION = YES;
				CLANG_WARN_COMMA = YES;
				CLANG_WARN_CONSTANT_CONVERSION = YES;
				CLANG_WARN_DEPRECATED_OBJC_IMPLEMENTATIONS = YES;
				CLANG_WARN_DIRECT_OBJC_ISA_USAGE = YES_ERROR;
				CLANG_WARN_DOCUMENTATION_COMMENTS = YES;
				CLANG_WARN_EMPTY_BODY = YES;
				CLANG_WARN_ENUM_CONVERSION = YES;
				CLANG_WARN_INFINITE_RECURSION = YES;
				CLANG_WARN_INT_CONVERSION = YES;
				CLANG_WARN_NON_LITERAL_NULL_CONVERSION = YES;
				CLANG_WARN_OBJC_IMPLICIT_RETAIN_SELF = YES;
				CLANG_WARN_OBJC_LITERAL_CONVERSION = YES;
				CLANG_WARN_OBJC_ROOT_CLASS = YES_ERROR;
				CLANG_WARN_RANGE_LOOP_ANALYSIS = YES;
				CLANG_WARN_STRICT_PROTOTYPES = YES;
				CLANG_WARN_SUSPICIOUS_MOVE = YES;
				CLANG_WARN_UNGUARDED_AVAILABILITY = YES_AGGRESSIVE;
				CLANG_WARN_UNREACHABLE_CODE = YES;
				CLANG_WARN__DUPLICATE_METHOD_MATCH = YES;
				CODE_SIGN_IDENTITY = "iPhone Developer";
				COPY_PHASE_STRIP = NO;
				DEBUG_INFORMATION_FORMAT = "dwarf-with-dsym";
				ENABLE_NS_ASSERTIONS = NO;
				ENABLE_STRICT_OBJC_MSGSEND = YES;
				GCC_C_LANGUAGE_STANDARD = gnu11;
				GCC_NO_COMMON_BLOCKS = YES;
				GCC_WARN_64_TO_32_BIT_CONVERSION = YES;
				GCC_WARN_ABOUT_RETURN_TYPE = YES_ERROR;
				GCC_WARN_UNDECLARED_SELECTOR = YES;
				GCC_WARN_UNINITIALIZED_AUTOS = YES_AGGRESSIVE;
				GCC_WARN_UNUSED_FUNCTION = YES;
				GCC_WARN_UNUSED_VARIABLE = YES;
				IPHONEOS_DEPLOYMENT_TARGET = 11.3;
				MTL_ENABLE_DEBUG_INFO = NO;
				SDKROOT = iphoneos;
				SWIFT_COMPILATION_MODE = wholemodule;
				SWIFT_OPTIMIZATION_LEVEL = "-O";
				VALIDATE_PRODUCT = YES;
			};
			name = Release;
		};
		ABE1DA8A21B6694F00DF6579 /* Debug */ = {
			isa = XCBuildConfiguration;
			buildSettings = {
				ASSETCATALOG_COMPILER_APPICON_NAME = AppIcon;
				CODE_SIGN_STYLE = Automatic;
				DEVELOPMENT_TEAM = VMNXA5LP96;
				INFOPLIST_FILE = EmojiSlotMachine/Info.plist;
				LD_RUNPATH_SEARCH_PATHS = (
					"$(inherited)",
					"@executable_path/Frameworks",
				);
				PRODUCT_BUNDLE_IDENTIFIER = excelDemo.id.EmojiSlotMachine;
				PRODUCT_NAME = "$(TARGET_NAME)";
				SWIFT_VERSION = 4.0;
				TARGETED_DEVICE_FAMILY = "1,2";
			};
			name = Debug;
		};
		ABE1DA8B21B6694F00DF6579 /* Release */ = {
			isa = XCBuildConfiguration;
			buildSettings = {
				ASSETCATALOG_COMPILER_APPICON_NAME = AppIcon;
				CODE_SIGN_STYLE = Automatic;
				DEVELOPMENT_TEAM = VMNXA5LP96;
				INFOPLIST_FILE = EmojiSlotMachine/Info.plist;
				LD_RUNPATH_SEARCH_PATHS = (
					"$(inherited)",
					"@executable_path/Frameworks",
				);
				PRODUCT_BUNDLE_IDENTIFIER = excelDemo.id.EmojiSlotMachine;
				PRODUCT_NAME = "$(TARGET_NAME)";
				SWIFT_VERSION = 4.0;
				TARGETED_DEVICE_FAMILY = "1,2";
			};
			name = Release;
		};
		ABE1DA8D21B6694F00DF6579 /* Debug */ = {
			isa = XCBuildConfiguration;
			buildSettings = {
				ALWAYS_EMBED_SWIFT_STANDARD_LIBRARIES = YES;
				BUNDLE_LOADER = "$(TEST_HOST)";
				CODE_SIGN_STYLE = Automatic;
				DEVELOPMENT_TEAM = VMNXA5LP96;
				INFOPLIST_FILE = EmojiSlotMachineTests/Info.plist;
				LD_RUNPATH_SEARCH_PATHS = (
					"$(inherited)",
					"@executable_path/Frameworks",
					"@loader_path/Frameworks",
				);
				PRODUCT_BUNDLE_IDENTIFIER = excelDemo.id.EmojiSlotMachineTests;
				PRODUCT_NAME = "$(TARGET_NAME)";
				SWIFT_VERSION = 4.0;
				TARGETED_DEVICE_FAMILY = "1,2";
				TEST_HOST = "$(BUILT_PRODUCTS_DIR)/EmojiSlotMachine.app/EmojiSlotMachine";
			};
			name = Debug;
		};
		ABE1DA8E21B6694F00DF6579 /* Release */ = {
			isa = XCBuildConfiguration;
			buildSettings = {
				ALWAYS_EMBED_SWIFT_STANDARD_LIBRARIES = YES;
				BUNDLE_LOADER = "$(TEST_HOST)";
				CODE_SIGN_STYLE = Automatic;
				DEVELOPMENT_TEAM = VMNXA5LP96;
				INFOPLIST_FILE = EmojiSlotMachineTests/Info.plist;
				LD_RUNPATH_SEARCH_PATHS = (
					"$(inherited)",
					"@executable_path/Frameworks",
					"@loader_path/Frameworks",
				);
				PRODUCT_BUNDLE_IDENTIFIER = excelDemo.id.EmojiSlotMachineTests;
				PRODUCT_NAME = "$(TARGET_NAME)";
				SWIFT_VERSION = 4.0;
				TARGETED_DEVICE_FAMILY = "1,2";
				TEST_HOST = "$(BUILT_PRODUCTS_DIR)/EmojiSlotMachine.app/EmojiSlotMachine";
			};
			name = Release;
		};
		ABE1DA9021B6694F00DF6579 /* Debug */ = {
			isa = XCBuildConfiguration;
			buildSettings = {
				ALWAYS_EMBED_SWIFT_STANDARD_LIBRARIES = YES;
				CODE_SIGN_STYLE = Automatic;
				DEVELOPMENT_TEAM = VMNXA5LP96;
				INFOPLIST_FILE = EmojiSlotMachineUITests/Info.plist;
				LD_RUNPATH_SEARCH_PATHS = (
					"$(inherited)",
					"@executable_path/Frameworks",
					"@loader_path/Frameworks",
				);
				PRODUCT_BUNDLE_IDENTIFIER = excelDemo.id.EmojiSlotMachineUITests;
				PRODUCT_NAME = "$(TARGET_NAME)";
				SWIFT_VERSION = 4.0;
				TARGETED_DEVICE_FAMILY = "1,2";
				TEST_TARGET_NAME = EmojiSlotMachine;
			};
			name = Debug;
		};
		ABE1DA9121B6694F00DF6579 /* Release */ = {
			isa = XCBuildConfiguration;
			buildSettings = {
				ALWAYS_EMBED_SWIFT_STANDARD_LIBRARIES = YES;
				CODE_SIGN_STYLE = Automatic;
				DEVELOPMENT_TEAM = VMNXA5LP96;
				INFOPLIST_FILE = EmojiSlotMachineUITests/Info.plist;
				LD_RUNPATH_SEARCH_PATHS = (
					"$(inherited)",
					"@executable_path/Frameworks",
					"@loader_path/Frameworks",
				);
				PRODUCT_BUNDLE_IDENTIFIER = excelDemo.id.EmojiSlotMachineUITests;
				PRODUCT_NAME = "$(TARGET_NAME)";
				SWIFT_VERSION = 4.0;
				TARGETED_DEVICE_FAMILY = "1,2";
				TEST_TARGET_NAME = EmojiSlotMachine;
			};
			name = Release;
		};
/* End XCBuildConfiguration section */

/* Begin XCConfigurationList section */
		ABE1DA5C21B6694A00DF6579 /* Build configuration list for PBXProject "EmojiSlotMachine" */ = {
			isa = XCConfigurationList;
			buildConfigurations = (
				ABE1DA8721B6694F00DF6579 /* Debug */,
				ABE1DA8821B6694F00DF6579 /* Release */,
			);
			defaultConfigurationIsVisible = 0;
			defaultConfigurationName = Release;
		};
		ABE1DA8921B6694F00DF6579 /* Build configuration list for PBXNativeTarget "EmojiSlotMachine" */ = {
			isa = XCConfigurationList;
			buildConfigurations = (
				ABE1DA8A21B6694F00DF6579 /* Debug */,
				ABE1DA8B21B6694F00DF6579 /* Release */,
			);
			defaultConfigurationIsVisible = 0;
			defaultConfigurationName = Release;
		};
		ABE1DA8C21B6694F00DF6579 /* Build configuration list for PBXNativeTarget "EmojiSlotMachineTests" */ = {
			isa = XCConfigurationList;
			buildConfigurations = (
				ABE1DA8D21B6694F00DF6579 /* Debug */,
				ABE1DA8E21B6694F00DF6579 /* Release */,
			);
			defaultConfigurationIsVisible = 0;
			defaultConfigurationName = Release;
		};
		ABE1DA8F21B6694F00DF6579 /* Build configuration list for PBXNativeTarget "EmojiSlotMachineUITests" */ = {
			isa = XCConfigurationList;
			buildConfigurations = (
				ABE1DA9021B6694F00DF6579 /* Debug */,
				ABE1DA9121B6694F00DF6579 /* Release */,
			);
			defaultConfigurationIsVisible = 0;
			defaultConfigurationName = Release;
		};
/* End XCConfigurationList section */
	};
	rootObject = ABE1DA5921B6694A00DF6579 /* Project object */;
}
